// !$*UTF8*$!
{
	archiveVersion = 1;
	classes = {
	};
	objectVersion = 46;
	objects = {

/* Begin PBXBuildFile section */
		EF6848E31E49B0B2000388CE /* AppDelegate.swift in Sources */ = {isa = PBXBuildFile; fileRef = EF6848E21E49B0B2000388CE /* AppDelegate.swift */; };
		EF6848E51E49B0B2000388CE /* ViewController.swift in Sources */ = {isa = PBXBuildFile; fileRef = EF6848E41E49B0B2000388CE /* ViewController.swift */; };
		EF6848E81E49B0B2000388CE /* Main.storyboard in Resources */ = {isa = PBXBuildFile; fileRef = EF6848E61E49B0B2000388CE /* Main.storyboard */; };
		EF6848EA1E49B0B2000388CE /* Assets.xcassets in Resources */ = {isa = PBXBuildFile; fileRef = EF6848E91E49B0B2000388CE /* Assets.xcassets */; };
		EF6848ED1E49B0B2000388CE /* LaunchScreen.storyboard in Resources */ = {isa = PBXBuildFile; fileRef = EF6848EB1E49B0B2000388CE /* LaunchScreen.storyboard */; };
/* End PBXBuildFile section */

/* Begin PBXFileReference section */
		EF6848DF1E49B0B2000388CE /* Chopchop.app */ = {isa = PBXFileReference; explicitFileType = wrapper.application; includeInIndex = 0; path = Chopchop.app; sourceTree = BUILT_PRODUCTS_DIR; };
		EF6848E21E49B0B2000388CE /* AppDelegate.swift */ = {isa = PBXFileReference; lastKnownFileType = sourcecode.swift; path = AppDelegate.swift; sourceTree = "<group>"; };
		EF6848E41E49B0B2000388CE /* ViewController.swift */ = {isa = PBXFileReference; lastKnownFileType = sourcecode.swift; path = ViewController.swift; sourceTree = "<group>"; };
		EF6848E71E49B0B2000388CE /* Base */ = {isa = PBXFileReference; lastKnownFileType = file.storyboard; name = Base; path = Base.lproj/Main.storyboard; sourceTree = "<group>"; };
		EF6848E91E49B0B2000388CE /* Assets.xcassets */ = {isa = PBXFileReference; lastKnownFileType = folder.assetcatalog; path = Assets.xcassets; sourceTree = "<group>"; };
		EF6848EC1E49B0B2000388CE /* Base */ = {isa = PBXFileReference; lastKnownFileType = file.storyboard; name = Base; path = Base.lproj/LaunchScreen.storyboard; sourceTree = "<group>"; };
		EF6848EE1E49B0B2000388CE /* Info.plist */ = {isa = PBXFileReference; lastKnownFileType = text.plist.xml; path = Info.plist; sourceTree = "<group>"; };
/* End PBXFileReference section */

/* Begin PBXFrameworksBuildPhase section */
		EF6848DC1E49B0B2000388CE /* Frameworks */ = {
			isa = PBXFrameworksBuildPhase;
			buildActionMask = 2147483647;
			files = (
			);
			runOnlyForDeploymentPostprocessing = 0;
		};
/* End PBXFrameworksBuildPhase section */

/* Begin PBXGroup section */
		EF6848D61E49B0B2000388CE = {
			isa = PBXGroup;
			children = (
				EF6848E11E49B0B2000388CE /* Chopchop */,
				EF6848E01E49B0B2000388CE /* Products */,
			);
			sourceTree = "<group>";
		};
		EF6848E01E49B0B2000388CE /* Products */ = {
			isa = PBXGroup;
			children = (
				EF6848DF1E49B0B2000388CE /* Chopchop.app */,
			);
			name = Products;
			sourceTree = "<group>";
		};
		EF6848E11E49B0B2000388CE /* Chopchop */ = {
			isa = PBXGroup;
			children = (
				EF6848E21E49B0B2000388CE /* AppDelegate.swift */,
				EF6848E41E49B0B2000388CE /* ViewController.swift */,
				EF6848E61E49B0B2000388CE /* Main.storyboard */,
				EF6848E91E49B0B2000388CE /* Assets.xcassets */,
				EF6848EB1E49B0B2000388CE /* LaunchScreen.storyboard */,
				EF6848EE1E49B0B2000388CE /* Info.plist */,
			);
			path = Chopchop;
			sourceTree = "<group>";
		};
/* End PBXGroup section */

/* Begin PBXNativeTarget section */
		EF6848DE1E49B0B2000388CE /* Chopchop */ = {
			isa = PBXNativeTarget;
			buildConfigurationList = EF6848F11E49B0B2000388CE /* Build configuration list for PBXNativeTarget "Chopchop" */;
			buildPhases = (
				EF6848DB1E49B0B2000388CE /* Sources */,
				EF6848DC1E49B0B2000388CE /* Frameworks */,
				EF6848DD1E49B0B2000388CE /* Resources */,
			);
			buildRules = (
			);
			dependencies = (
			);
			name = Chopchop;
			productName = Chopchop;
			productReference = EF6848DF1E49B0B2000388CE /* Chopchop.app */;
			productType = "com.apple.product-type.application";
		};
/* End PBXNativeTarget section */

/* Begin PBXProject section */
		EF6848D71E49B0B2000388CE /* Project object */ = {
			isa = PBXProject;
			attributes = {
				LastSwiftUpdateCheck = 0820;
				LastUpgradeCheck = 0820;
				ORGANIZATIONNAME = goodnews;
				TargetAttributes = {
					EF6848DE1E49B0B2000388CE = {
						CreatedOnToolsVersion = 8.2.1;
						DevelopmentTeam = 827YX997NH;
						ProvisioningStyle = Automatic;
					};
				};
			};
			buildConfigurationList = EF6848DA1E49B0B2000388CE /* Build configuration list for PBXProject "Chopchop" */;
			compatibilityVersion = "Xcode 3.2";
			developmentRegion = English;
			hasScannedForEncodings = 0;
			knownRegions = (
				en,
				Base,
			);
			mainGroup = EF6848D61E49B0B2000388CE;
			productRefGroup = EF6848E01E49B0B2000388CE /* Products */;
			projectDirPath = "";
			projectRoot = "";
			targets = (
				EF6848DE1E49B0B2000388CE /* Chopchop */,
			);
		};
/* End PBXProject section */

/* Begin PBXResourcesBuildPhase section */
		EF6848DD1E49B0B2000388CE /* Resources */ = {
			isa = PBXResourcesBuildPhase;
			buildActionMask = 2147483647;
			files = (
				EF6848ED1E49B0B2000388CE /* LaunchScreen.storyboard in Resources */,
				EF6848EA1E49B0B2000388CE /* Assets.xcassets in Resources */,
				EF6848E81E49B0B2000388CE /* Main.storyboard in Resources */,
			);
			runOnlyForDeploymentPostprocessing = 0;
		};
/* End PBXResourcesBuildPhase section */

/* Begin PBXSourcesBuildPhase section */
		EF6848DB1E49B0B2000388CE /* Sources */ = {
			isa = PBXSourcesBuildPhase;
			buildActionMask = 2147483647;
			files = (
				EF6848E51E49B0B2000388CE /* ViewController.swift in Sources */,
				EF6848E31E49B0B2000388CE /* AppDelegate.swift in Sources */,
			);
			runOnlyForDeploymentPostprocessing = 0;
		};
/* End PBXSourcesBuildPhase section */

/* Begin PBXVariantGroup section */
		EF6848E61E49B0B2000388CE /* Main.storyboard */ = {
			isa = PBXVariantGroup;
			children = (
				EF6848E71E49B0B2000388CE /* Base */,
			);
			name = Main.storyboard;
			sourceTree = "<group>";
		};
		EF6848EB1E49B0B2000388CE /* LaunchScreen.storyboard */ = {
			isa = PBXVariantGroup;
			children = (
				EF6848EC1E49B0B2000388CE /* Base */,
			);
			name = LaunchScreen.storyboard;
			sourceTree = "<group>";
		};
/* End PBXVariantGroup section */

/* Begin XCBuildConfiguration section */
		EF6848EF1E49B0B2000388CE /* Debug */ = {
			isa = XCBuildConfiguration;
			buildSettings = {
				ALWAYS_SEARCH_USER_PATHS = NO;
				CLANG_ANALYZER_NONNULL = YES;
				CLANG_CXX_LANGUAGE_STANDARD = "gnu++0x";
				CLANG_CXX_LIBRARY = "libc++";
				CLANG_ENABLE_MODULES = YES;
				CLANG_ENABLE_OBJC_ARC = YES;
				CLANG_WARN_BOOL_CONVERSION = YES;
				CLANG_WARN_CONSTANT_CONVERSION = YES;
				CLANG_WARN_DIRECT_OBJC_ISA_USAGE = YES_ERROR;
				CLANG_WARN_DOCUMENTATION_COMMENTS = YES;
				CLANG_WARN_EMPTY_BODY = YES;
				CLANG_WARN_ENUM_CONVERSION = YES;
				CLANG_WARN_INFINITE_RECURSION = YES;
				CLANG_WARN_INT_CONVERSION = YES;
				CLANG_WARN_OBJC_ROOT_CLASS = YES_ERROR;
				CLANG_WARN_SUSPICIOUS_MOVE = YES;
				CLANG_WARN_UNREACHABLE_CODE = YES;
				CLANG_WARN__DUPLICATE_METHOD_MATCH = YES;
				"CODE_SIGN_IDENTITY[sdk=iphoneos*]" = "iPhone Developer";
				COPY_PHASE_STRIP = NO;
				DEBUG_INFORMATION_FORMAT = dwarf;
				ENABLE_STRICT_OBJC_MSGSEND = YES;
				ENABLE_TESTABILITY = YES;
				GCC_C_LANGUAGE_STANDARD = gnu99;
				GCC_DYNAMIC_NO_PIC = NO;
				GCC_NO_COMMON_BLOCKS = YES;
				GCC_OPTIMIZATION_LEVEL = 0;
				GCC_PREPROCESSOR_DEFINITIONS = (
					"DEBUG=1",
					"$(inherited)",
				);
				GCC_WARN_64_TO_32_BIT_CONVERSION = YES;
				GCC_WARN_ABOUT_RETURN_TYPE = YES_ERROR;
				GCC_WARN_UNDECLARED_SELECTOR = YES;
				GCC_WARN_UNINITIALIZED_AUTOS = YES_AGGRESSIVE;
				GCC_WARN_UNUSED_FUNCTION = YES;
				GCC_WARN_UNUSED_VARIABLE = YES;
				IPHONEOS_DEPLOYMENT_TARGET = 10.2;
				MTL_ENABLE_DEBUG_INFO = YES;
				ONLY_ACTIVE_ARCH = YES;
				SDKROOT = iphoneos;
				SWIFT_ACTIVE_COMPILATION_CONDITIONS = DEBUG;
				SWIFT_OPTIMIZATION_LEVEL = "-Onone";
			};
			name = Debug;
		};
		EF6848F01E49B0B2000388CE /* Release */ = {
			isa = XCBuildConfiguration;
			buildSettings = {
				ALWAYS_SEARCH_USER_PATHS = NO;
				CLANG_ANALYZER_NONNULL = YES;
				CLANG_CXX_LANGUAGE_STANDARD = "gnu++0x";
				CLANG_CXX_LIBRARY = "libc++";
				CLANG_ENABLE_MODULES = YES;
				CLANG_ENABLE_OBJC_ARC = YES;
				CLANG_WARN_BOOL_CONVERSION = YES;
				CLANG_WARN_CONSTANT_CONVERSION = YES;
				CLANG_WARN_DIRECT_OBJC_ISA_USAGE = YES_ERROR;
				CLANG_WARN_DOCUMENTATION_COMMENTS = YES;
				CLANG_WARN_EMPTY_BODY = YES;
				CLANG_WARN_ENUM_CONVERSION = YES;
				CLANG_WARN_INFINITE_RECURSION = YES;
				CLANG_WARN_INT_CONVERSION = YES;
				CLANG_WARN_OBJC_ROOT_CLASS = YES_ERROR;
				CLANG_WARN_SUSPICIOUS_MOVE = YES;
				CLANG_WARN_UNREACHABLE_CODE = YES;
				CLANG_WARN__DUPLICATE_METHOD_MATCH = YES;
				"CODE_SIGN_IDENTITY[sdk=iphoneos*]" = "iPhone Developer";
				COPY_PHASE_STRIP = NO;
				DEBUG_INFORMATION_FORMAT = "dwarf-with-dsym";
				ENABLE_NS_ASSERTIONS = NO;
				ENABLE_STRICT_OBJC_MSGSEND = YES;
				GCC_C_LANGUAGE_STANDARD = gnu99;
				GCC_NO_COMMON_BLOCKS = YES;
				GCC_WARN_64_TO_32_BIT_CONVERSION = YES;
				GCC_WARN_ABOUT_RETURN_TYPE = YES_ERROR;
				GCC_WARN_UNDECLARED_SELECTOR = YES;
				GCC_WARN_UNINITIALIZED_AUTOS = YES_AGGRESSIVE;
				GCC_WARN_UNUSED_FUNCTION = YES;
				GCC_WARN_UNUSED_VARIABLE = YES;
				IPHONEOS_DEPLOYMENT_TARGET = 10.2;
				MTL_ENABLE_DEBUG_INFO = NO;
				SDKROOT = iphoneos;
				SWIFT_OPTIMIZATION_LEVEL = "-Owholemodule";
				VALIDATE_PRODUCT = YES;
			};
			name = Release;
		};
		EF6848F21E49B0B2000388CE /* Debug */ = {
			isa = XCBuildConfiguration;
			buildSettings = {
				ASSETCATALOG_COMPILER_APPICON_NAME = AppIcon;
				DEVELOPMENT_TEAM = 827YX997NH;
				INFOPLIST_FILE = Chopchop/Info.plist;
				LD_RUNPATH_SEARCH_PATHS = "$(inherited) @executable_path/Frameworks";
				PRODUCT_BUNDLE_IDENTIFIER = com.goodnews.Chopchop;
				PRODUCT_NAME = "$(TARGET_NAME)";
				SWIFT_VERSION = 3.0;
			};
			name = Debug;
		};
		EF6848F31E49B0B2000388CE /* Release */ = {
			isa = XCBuildConfiguration;
			buildSettings = {
				ASSETCATALOG_COMPILER_APPICON_NAME = AppIcon;
				DEVELOPMENT_TEAM = 827YX997NH;
				INFOPLIST_FILE = Chopchop/Info.plist;
				LD_RUNPATH_SEARCH_PATHS = "$(inherited) @executable_path/Frameworks";
				PRODUCT_BUNDLE_IDENTIFIER = com.goodnews.Chopchop;
				PRODUCT_NAME = "$(TARGET_NAME)";
				SWIFT_VERSION = 3.0;
			};
			name = Release;
		};
/* End XCBuildConfiguration section */

/* Begin XCConfigurationList section */
		EF6848DA1E49B0B2000388CE /* Build configuration list for PBXProject "Chopchop" */ = {
			isa = XCConfigurationList;
			buildConfigurations = (
				EF6848EF1E49B0B2000388CE /* Debug */,
				EF6848F01E49B0B2000388CE /* Release */,
			);
			defaultConfigurationIsVisible = 0;
			defaultConfigurationName = Release;
		};
		EF6848F11E49B0B2000388CE /* Build configuration list for PBXNativeTarget "Chopchop" */ = {
			isa = XCConfigurationList;
			buildConfigurations = (
				EF6848F21E49B0B2000388CE /* Debug */,
				EF6848F31E49B0B2000388CE /* Release */,
			);
			defaultConfigurationIsVisible = 0;
		};
/* End XCConfigurationList section */
	};
	rootObject = EF6848D71E49B0B2000388CE /* Project object */;
}
